
Microsoft Visual Studio Solution File, Format Version 12.00
# Visual Studio Version 17
VisualStudioVersion = 17.2.32526.322
MinimumVisualStudioVersion = 10.0.40219.1
Project("{FAE04EC0-301F-11D3-BF4B-00C04F79EFBC}") = "CSharp14", "CSharp14\CSharp14.csproj", "{74F45F39-1DB9-496E-B9FE-F020706F4A1A}"
EndProject
Global
	GlobalSection(SolutionConfigurationPlatforms) = preSolution
		Debug|Any CPU = Debug|Any CPU
		Release|Any CPU = Release|Any CPU
	EndGlobalSection
	GlobalSection(ProjectConfigurationPlatforms) = postSolution
		{74F45F39-1DB9-496E-B9FE-F020706F4A1A}.Debug|Any CPU.ActiveCfg = Debug|Any CPU
		{74F45F39-1DB9-496E-B9FE-F020706F4A1A}.Debug|Any CPU.Build.0 = Debug|Any CPU
		{74F45F39-1DB9-496E-B9FE-F020706F4A1A}.Release|Any CPU.ActiveCfg = Release|Any CPU
		{74F45F39-1DB9-496E-B9FE-F020706F4A1A}.Release|Any CPU.Build.0 = Release|Any CPU
	EndGlobalSection
	GlobalSection(SolutionProperties) = preSolution
		HideSolutionNode = FALSE
	EndGlobalSection
	GlobalSection(ExtensibilityGlobals) = postSolution
		SolutionGuid = {DE72BA61-0098-45E9-908E-AA61C9CC0AFD}
	EndGlobalSection
EndGlobal
